
Microsoft Visual Studio Solution File, Format Version 12.00
# Visual Studio Version 16
VisualStudioVersion = 16.0.31129.286
MinimumVisualStudioVersion = 10.0.40219.1
Project("{FAE04EC0-301F-11D3-BF4B-00C04F79EFBC}") = "MDK 02.02 16 var", "MDK 02.02 16 var\MDK 02.02 16 var.csproj", "{2E4EB764-AB46-4924-9927-855E8E405717}"
EndProject
Global
	GlobalSection(SolutionConfigurationPlatforms) = preSolution
		Debug|Any CPU = Debug|Any CPU
		Release|Any CPU = Release|Any CPU
	EndGlobalSection
	GlobalSection(ProjectConfigurationPlatforms) = postSolution
		{2E4EB764-AB46-4924-9927-855E8E405717}.Debug|Any CPU.ActiveCfg = Debug|Any CPU
		{2E4EB764-AB46-4924-9927-855E8E405717}.Debug|Any CPU.Build.0 = Debug|Any CPU
		{2E4EB764-AB46-4924-9927-855E8E405717}.Release|Any CPU.ActiveCfg = Release|Any CPU
		{2E4EB764-AB46-4924-9927-855E8E405717}.Release|Any CPU.Build.0 = Release|Any CPU
	EndGlobalSection
	GlobalSection(SolutionProperties) = preSolution
		HideSolutionNode = FALSE
	EndGlobalSection
	GlobalSection(ExtensibilityGlobals) = postSolution
		SolutionGuid = {546CB510-59C6-4772-B4A2-29DCECC85768}
	EndGlobalSection
EndGlobal
